
Microsoft Visual Studio Solution File, Format Version 12.00
# Visual Studio Version 17
VisualStudioVersion = 17.14.36401.2
MinimumVisualStudioVersion = 10.0.40219.1
Project("{FAE04EC0-301F-11D3-BF4B-00C04F79EFBC}") = "01. Chain of Responsibility", "Behavioral patterns\01. Chain of Responsibility\01. Chain of Responsibility.csproj", "{9CA89FFB-EB9B-488E-BF74-814AFD7BAA99}"
EndProject
Project("{2150E333-8FDC-42A3-9474-1A3956D46DE8}") = "Behavioral patterns", "Behavioral patterns", "{36D591C7-65C7-A0D1-1CBC-10CDE441BDC8}"
EndProject
Project("{FAE04EC0-301F-11D3-BF4B-00C04F79EFBC}") = "02. Command", "Behavioral patterns\02. Command\02. Command.csproj", "{77059FB7-3CAA-4E8C-855E-00123CED3448}"
EndProject
Project("{FAE04EC0-301F-11D3-BF4B-00C04F79EFBC}") = "03. Iterator", "Behavioral patterns\03. Iterator\03. Iterator.csproj", "{502CF1AA-8734-46CD-9A80-CFB7307B4327}"
EndProject
Project("{FAE04EC0-301F-11D3-BF4B-00C04F79EFBC}") = "04. Mediator", "Behavioral patterns\04. Mediator\04. Mediator.csproj", "{85651678-C45F-48A8-BD19-BFE90994CF8F}"
EndProject
Project("{FAE04EC0-301F-11D3-BF4B-00C04F79EFBC}") = "05. Memento", "Behavioral patterns\05. Memento\05. Memento.csproj", "{DB4EAA12-BA7E-4AE8-9DD2-890C7B5F4D33}"
EndProject
Project("{FAE04EC0-301F-11D3-BF4B-00C04F79EFBC}") = "06. Observer", "Behavioral patterns\06. Observer\06. Observer.csproj", "{8012A974-28C8-49CD-88C2-7D5925AB3A6D}"
EndProject
Project("{FAE04EC0-301F-11D3-BF4B-00C04F79EFBC}") = "07. State", "Behavioral patterns\07. State\07. State.csproj", "{1B9BCF37-D064-4E57-976A-C112E3E057AF}"
EndProject
Project("{FAE04EC0-301F-11D3-BF4B-00C04F79EFBC}") = "08. Strategy", "Behavioral patterns\08. Strategy\08. Strategy.csproj", "{6F75AD2B-3174-4E8B-87FA-63CAF1C5FAEB}"
EndProject
Project("{FAE04EC0-301F-11D3-BF4B-00C04F79EFBC}") = "09. Template Method", "Behavioral patterns\09. Template Method\09. Template Method.csproj", "{56117348-1C2C-41CE-B276-EC413847A45D}"
EndProject
Project("{FAE04EC0-301F-11D3-BF4B-00C04F79EFBC}") = "10. Visitor", "Behavioral patterns\10. Visitor\10. Visitor.csproj", "{925E3855-3CC1-4A71-A2A1-1AF370F2A1B0}"
EndProject
Project("{2150E333-8FDC-42A3-9474-1A3956D46DE8}") = "Creational patterns", "Creational patterns", "{206F74D4-6F58-484C-AF0D-6ABD8C031DFE}"
EndProject
Project("{FAE04EC0-301F-11D3-BF4B-00C04F79EFBC}") = "01. Factory Method", "Creational patterns\01. Factory Method\01. Factory Method.csproj", "{9F65D07E-ED28-4E31-A7E4-64CCA0ACE1A2}"
EndProject
Project("{FAE04EC0-301F-11D3-BF4B-00C04F79EFBC}") = "02. Abstract Factory", "Creational patterns\02. Abstract Factory\02. Abstract Factory.csproj", "{0C6E9CB1-6A3D-4B41-BFA6-80A24FAD4FB6}"
EndProject
Project("{FAE04EC0-301F-11D3-BF4B-00C04F79EFBC}") = "03. Builder", "Creational patterns\03. Builder\03. Builder.csproj", "{53A72026-A364-476B-899A-86D0173542C1}"
EndProject
Project("{FAE04EC0-301F-11D3-BF4B-00C04F79EFBC}") = "04. Prototype", "Creational patterns\04. Prototype\04. Prototype.csproj", "{A1A8FA6E-A812-4DD6-B519-706AB9ED09DD}"
EndProject
Project("{FAE04EC0-301F-11D3-BF4B-00C04F79EFBC}") = "05. Singleton", "Creational patterns\05. Singleton\05. Singleton.csproj", "{B1161FB5-6ECC-4E66-8622-0C02B9BB0F93}"
EndProject
Project("{2150E333-8FDC-42A3-9474-1A3956D46DE8}") = "Structural patterns", "Structural patterns", "{ED137A50-B5AC-4058-94B0-9459CFFEF904}"
EndProject
Project("{FAE04EC0-301F-11D3-BF4B-00C04F79EFBC}") = "01. Adapter", "Structural patterns\01. Adapter\01. Adapter.csproj", "{52989F5A-528D-4D80-AE7B-09F9E57D9448}"
EndProject
Project("{FAE04EC0-301F-11D3-BF4B-00C04F79EFBC}") = "02. Bridge", "Structural patterns\02. Bridge\02. Bridge.csproj", "{B4A2FD9B-4130-42A7-B5BA-A6CA5D999E25}"
EndProject
Project("{FAE04EC0-301F-11D3-BF4B-00C04F79EFBC}") = "03. Composite", "Structural patterns\03. Composite\03. Composite.csproj", "{9000C81C-B3B8-4105-B894-F5AA2EE53650}"
EndProject
Project("{FAE04EC0-301F-11D3-BF4B-00C04F79EFBC}") = "04. Decorator", "Structural patterns\04. Decorator\04. Decorator.csproj", "{4204DF18-132C-4300-834A-9E9D0968ECF8}"
EndProject
Project("{FAE04EC0-301F-11D3-BF4B-00C04F79EFBC}") = "05. Facade", "Structural patterns\05. Facade\05. Facade.csproj", "{D50CA450-0D5A-4862-846E-47E4C5B20EB1}"
EndProject
Project("{FAE04EC0-301F-11D3-BF4B-00C04F79EFBC}") = "06. Flyweight", "Structural patterns\06. Flyweight\06. Flyweight.csproj", "{158244C3-8138-49D7-991A-B3C768ED10F8}"
EndProject
Project("{FAE04EC0-301F-11D3-BF4B-00C04F79EFBC}") = "07. Proxy", "Structural patterns\07. Proxy\07. Proxy.csproj", "{3CD8A8FB-401C-4D81-A6E2-02AFC9AF500E}"
EndProject
Global
	GlobalSection(SolutionConfigurationPlatforms) = preSolution
		Debug|Any CPU = Debug|Any CPU
		Release|Any CPU = Release|Any CPU
	EndGlobalSection
	GlobalSection(ProjectConfigurationPlatforms) = postSolution
		{9CA89FFB-EB9B-488E-BF74-814AFD7BAA99}.Debug|Any CPU.ActiveCfg = Debug|Any CPU
		{9CA89FFB-EB9B-488E-BF74-814AFD7BAA99}.Debug|Any CPU.Build.0 = Debug|Any CPU
		{9CA89FFB-EB9B-488E-BF74-814AFD7BAA99}.Release|Any CPU.ActiveCfg = Release|Any CPU
		{9CA89FFB-EB9B-488E-BF74-814AFD7BAA99}.Release|Any CPU.Build.0 = Release|Any CPU
		{77059FB7-3CAA-4E8C-855E-00123CED3448}.Debug|Any CPU.ActiveCfg = Debug|Any CPU
		{77059FB7-3CAA-4E8C-855E-00123CED3448}.Debug|Any CPU.Build.0 = Debug|Any CPU
		{77059FB7-3CAA-4E8C-855E-00123CED3448}.Release|Any CPU.ActiveCfg = Release|Any CPU
		{77059FB7-3CAA-4E8C-855E-00123CED3448}.Release|Any CPU.Build.0 = Release|Any CPU
		{502CF1AA-8734-46CD-9A80-CFB7307B4327}.Debug|Any CPU.ActiveCfg = Debug|Any CPU
		{502CF1AA-8734-46CD-9A80-CFB7307B4327}.Debug|Any CPU.Build.0 = Debug|Any CPU
		{502CF1AA-8734-46CD-9A80-CFB7307B4327}.Release|Any CPU.ActiveCfg = Release|Any CPU
		{502CF1AA-8734-46CD-9A80-CFB7307B4327}.Release|Any CPU.Build.0 = Release|Any CPU
		{85651678-C45F-48A8-BD19-BFE90994CF8F}.Debug|Any CPU.ActiveCfg = Debug|Any CPU
		{85651678-C45F-48A8-BD19-BFE90994CF8F}.Debug|Any CPU.Build.0 = Debug|Any CPU
		{85651678-C45F-48A8-BD19-BFE90994CF8F}.Release|Any CPU.ActiveCfg = Release|Any CPU
		{85651678-C45F-48A8-BD19-BFE90994CF8F}.Release|Any CPU.Build.0 = Release|Any CPU
		{DB4EAA12-BA7E-4AE8-9DD2-890C7B5F4D33}.Debug|Any CPU.ActiveCfg = Debug|Any CPU
		{DB4EAA12-BA7E-4AE8-9DD2-890C7B5F4D33}.Debug|Any CPU.Build.0 = Debug|Any CPU
		{DB4EAA12-BA7E-4AE8-9DD2-890C7B5F4D33}.Release|Any CPU.ActiveCfg = Release|Any CPU
		{DB4EAA12-BA7E-4AE8-9DD2-890C7B5F4D33}.Release|Any CPU.Build.0 = Release|Any CPU
		{8012A974-28C8-49CD-88C2-7D5925AB3A6D}.Debug|Any CPU.ActiveCfg = Debug|Any CPU
		{8012A974-28C8-49CD-88C2-7D5925AB3A6D}.Debug|Any CPU.Build.0 = Debug|Any CPU
		{8012A974-28C8-49CD-88C2-7D5925AB3A6D}.Release|Any CPU.ActiveCfg = Release|Any CPU
		{8012A974-28C8-49CD-88C2-7D5925AB3A6D}.Release|Any CPU.Build.0 = Release|Any CPU
		{1B9BCF37-D064-4E57-976A-C112E3E057AF}.Debug|Any CPU.ActiveCfg = Debug|Any CPU
		{1B9BCF37-D064-4E57-976A-C112E3E057AF}.Debug|Any CPU.Build.0 = Debug|Any CPU
		{1B9BCF37-D064-4E57-976A-C112E3E057AF}.Release|Any CPU.ActiveCfg = Release|Any CPU
		{1B9BCF37-D064-4E57-976A-C112E3E057AF}.Release|Any CPU.Build.0 = Release|Any CPU
		{6F75AD2B-3174-4E8B-87FA-63CAF1C5FAEB}.Debug|Any CPU.ActiveCfg = Debug|Any CPU
		{6F75AD2B-3174-4E8B-87FA-63CAF1C5FAEB}.Debug|Any CPU.Build.0 = Debug|Any CPU
		{6F75AD2B-3174-4E8B-87FA-63CAF1C5FAEB}.Release|Any CPU.ActiveCfg = Release|Any CPU
		{6F75AD2B-3174-4E8B-87FA-63CAF1C5FAEB}.Release|Any CPU.Build.0 = Release|Any CPU
		{56117348-1C2C-41CE-B276-EC413847A45D}.Debug|Any CPU.ActiveCfg = Debug|Any CPU
		{56117348-1C2C-41CE-B276-EC413847A45D}.Debug|Any CPU.Build.0 = Debug|Any CPU
		{56117348-1C2C-41CE-B276-EC413847A45D}.Release|Any CPU.ActiveCfg = Release|Any CPU
		{56117348-1C2C-41CE-B276-EC413847A45D}.Release|Any CPU.Build.0 = Release|Any CPU
		{925E3855-3CC1-4A71-A2A1-1AF370F2A1B0}.Debug|Any CPU.ActiveCfg = Debug|Any CPU
		{925E3855-3CC1-4A71-A2A1-1AF370F2A1B0}.Debug|Any CPU.Build.0 = Debug|Any CPU
		{925E3855-3CC1-4A71-A2A1-1AF370F2A1B0}.Release|Any CPU.ActiveCfg = Release|Any CPU
		{925E3855-3CC1-4A71-A2A1-1AF370F2A1B0}.Release|Any CPU.Build.0 = Release|Any CPU
		{9F65D07E-ED28-4E31-A7E4-64CCA0ACE1A2}.Debug|Any CPU.ActiveCfg = Debug|Any CPU
		{9F65D07E-ED28-4E31-A7E4-64CCA0ACE1A2}.Debug|Any CPU.Build.0 = Debug|Any CPU
		{9F65D07E-ED28-4E31-A7E4-64CCA0ACE1A2}.Release|Any CPU.ActiveCfg = Release|Any CPU
		{9F65D07E-ED28-4E31-A7E4-64CCA0ACE1A2}.Release|Any CPU.Build.0 = Release|Any CPU
		{0C6E9CB1-6A3D-4B41-BFA6-80A24FAD4FB6}.Debug|Any CPU.ActiveCfg = Debug|Any CPU
		{0C6E9CB1-6A3D-4B41-BFA6-80A24FAD4FB6}.Debug|Any CPU.Build.0 = Debug|Any CPU
		{0C6E9CB1-6A3D-4B41-BFA6-80A24FAD4FB6}.Release|Any CPU.ActiveCfg = Release|Any CPU
		{0C6E9CB1-6A3D-4B41-BFA6-80A24FAD4FB6}.Release|Any CPU.Build.0 = Release|Any CPU
		{53A72026-A364-476B-899A-86D0173542C1}.Debug|Any CPU.ActiveCfg = Debug|Any CPU
		{53A72026-A364-476B-899A-86D0173542C1}.Debug|Any CPU.Build.0 = Debug|Any CPU
		{53A72026-A364-476B-899A-86D0173542C1}.Release|Any CPU.ActiveCfg = Release|Any CPU
		{53A72026-A364-476B-899A-86D0173542C1}.Release|Any CPU.Build.0 = Release|Any CPU
		{A1A8FA6E-A812-4DD6-B519-706AB9ED09DD}.Debug|Any CPU.ActiveCfg = Debug|Any CPU
		{A1A8FA6E-A812-4DD6-B519-706AB9ED09DD}.Debug|Any CPU.Build.0 = Debug|Any CPU
		{A1A8FA6E-A812-4DD6-B519-706AB9ED09DD}.Release|Any CPU.ActiveCfg = Release|Any CPU
		{A1A8FA6E-A812-4DD6-B519-706AB9ED09DD}.Release|Any CPU.Build.0 = Release|Any CPU
		{B1161FB5-6ECC-4E66-8622-0C02B9BB0F93}.Debug|Any CPU.ActiveCfg = Debug|Any CPU
		{B1161FB5-6ECC-4E66-8622-0C02B9BB0F93}.Debug|Any CPU.Build.0 = Debug|Any CPU
		{B1161FB5-6ECC-4E66-8622-0C02B9BB0F93}.Release|Any CPU.ActiveCfg = Release|Any CPU
		{B1161FB5-6ECC-4E66-8622-0C02B9BB0F93}.Release|Any CPU.Build.0 = Release|Any CPU
		{52989F5A-528D-4D80-AE7B-09F9E57D9448}.Debug|Any CPU.ActiveCfg = Debug|Any CPU
		{52989F5A-528D-4D80-AE7B-09F9E57D9448}.Debug|Any CPU.Build.0 = Debug|Any CPU
		{52989F5A-528D-4D80-AE7B-09F9E57D9448}.Release|Any CPU.ActiveCfg = Release|Any CPU
		{52989F5A-528D-4D80-AE7B-09F9E57D9448}.Release|Any CPU.Build.0 = Release|Any CPU
		{B4A2FD9B-4130-42A7-B5BA-A6CA5D999E25}.Debug|Any CPU.ActiveCfg = Debug|Any CPU
		{B4A2FD9B-4130-42A7-B5BA-A6CA5D999E25}.Debug|Any CPU.Build.0 = Debug|Any CPU
		{B4A2FD9B-4130-42A7-B5BA-A6CA5D999E25}.Release|Any CPU.ActiveCfg = Release|Any CPU
		{B4A2FD9B-4130-42A7-B5BA-A6CA5D999E25}.Release|Any CPU.Build.0 = Release|Any CPU
		{9000C81C-B3B8-4105-B894-F5AA2EE53650}.Debug|Any CPU.ActiveCfg = Debug|Any CPU
		{9000C81C-B3B8-4105-B894-F5AA2EE53650}.Debug|Any CPU.Build.0 = Debug|Any CPU
		{9000C81C-B3B8-4105-B894-F5AA2EE53650}.Release|Any CPU.ActiveCfg = Release|Any CPU
		{9000C81C-B3B8-4105-B894-F5AA2EE53650}.Release|Any CPU.Build.0 = Release|Any CPU
		{4204DF18-132C-4300-834A-9E9D0968ECF8}.Debug|Any CPU.ActiveCfg = Debug|Any CPU
		{4204DF18-132C-4300-834A-9E9D0968ECF8}.Debug|Any CPU.Build.0 = Debug|Any CPU
		{4204DF18-132C-4300-834A-9E9D0968ECF8}.Release|Any CPU.ActiveCfg = Release|Any CPU
		{4204DF18-132C-4300-834A-9E9D0968ECF8}.Release|Any CPU.Build.0 = Release|Any CPU
		{D50CA450-0D5A-4862-846E-47E4C5B20EB1}.Debug|Any CPU.ActiveCfg = Debug|Any CPU
		{D50CA450-0D5A-4862-846E-47E4C5B20EB1}.Debug|Any CPU.Build.0 = Debug|Any CPU
		{D50CA450-0D5A-4862-846E-47E4C5B20EB1}.Release|Any CPU.ActiveCfg = Release|Any CPU
		{D50CA450-0D5A-4862-846E-47E4C5B20EB1}.Release|Any CPU.Build.0 = Release|Any CPU
		{158244C3-8138-49D7-991A-B3C768ED10F8}.Debug|Any CPU.ActiveCfg = Debug|Any CPU
		{158244C3-8138-49D7-991A-B3C768ED10F8}.Debug|Any CPU.Build.0 = Debug|Any CPU
		{158244C3-8138-49D7-991A-B3C768ED10F8}.Release|Any CPU.ActiveCfg = Release|Any CPU
		{158244C3-8138-49D7-991A-B3C768ED10F8}.Release|Any CPU.Build.0 = Release|Any CPU
		{3CD8A8FB-401C-4D81-A6E2-02AFC9AF500E}.Debug|Any CPU.ActiveCfg = Debug|Any CPU
		{3CD8A8FB-401C-4D81-A6E2-02AFC9AF500E}.Debug|Any CPU.Build.0 = Debug|Any CPU
		{3CD8A8FB-401C-4D81-A6E2-02AFC9AF500E}.Release|Any CPU.ActiveCfg = Release|Any CPU
		{3CD8A8FB-401C-4D81-A6E2-02AFC9AF500E}.Release|Any CPU.Build.0 = Release|Any CPU
	EndGlobalSection
	GlobalSection(SolutionProperties) = preSolution
		HideSolutionNode = FALSE
	EndGlobalSection
	GlobalSection(NestedProjects) = preSolution
		{9CA89FFB-EB9B-488E-BF74-814AFD7BAA99} = {36D591C7-65C7-A0D1-1CBC-10CDE441BDC8}
		{77059FB7-3CAA-4E8C-855E-00123CED3448} = {36D591C7-65C7-A0D1-1CBC-10CDE441BDC8}
		{502CF1AA-8734-46CD-9A80-CFB7307B4327} = {36D591C7-65C7-A0D1-1CBC-10CDE441BDC8}
		{85651678-C45F-48A8-BD19-BFE90994CF8F} = {36D591C7-65C7-A0D1-1CBC-10CDE441BDC8}
		{DB4EAA12-BA7E-4AE8-9DD2-890C7B5F4D33} = {36D591C7-65C7-A0D1-1CBC-10CDE441BDC8}
		{8012A974-28C8-49CD-88C2-7D5925AB3A6D} = {36D591C7-65C7-A0D1-1CBC-10CDE441BDC8}
		{1B9BCF37-D064-4E57-976A-C112E3E057AF} = {36D591C7-65C7-A0D1-1CBC-10CDE441BDC8}
		{6F75AD2B-3174-4E8B-87FA-63CAF1C5FAEB} = {36D591C7-65C7-A0D1-1CBC-10CDE441BDC8}
		{56117348-1C2C-41CE-B276-EC413847A45D} = {36D591C7-65C7-A0D1-1CBC-10CDE441BDC8}
		{925E3855-3CC1-4A71-A2A1-1AF370F2A1B0} = {36D591C7-65C7-A0D1-1CBC-10CDE441BDC8}
		{9F65D07E-ED28-4E31-A7E4-64CCA0ACE1A2} = {206F74D4-6F58-484C-AF0D-6ABD8C031DFE}
		{0C6E9CB1-6A3D-4B41-BFA6-80A24FAD4FB6} = {206F74D4-6F58-484C-AF0D-6ABD8C031DFE}
		{53A72026-A364-476B-899A-86D0173542C1} = {206F74D4-6F58-484C-AF0D-6ABD8C031DFE}
		{A1A8FA6E-A812-4DD6-B519-706AB9ED09DD} = {206F74D4-6F58-484C-AF0D-6ABD8C031DFE}
		{B1161FB5-6ECC-4E66-8622-0C02B9BB0F93} = {206F74D4-6F58-484C-AF0D-6ABD8C031DFE}
		{52989F5A-528D-4D80-AE7B-09F9E57D9448} = {ED137A50-B5AC-4058-94B0-9459CFFEF904}
		{B4A2FD9B-4130-42A7-B5BA-A6CA5D999E25} = {ED137A50-B5AC-4058-94B0-9459CFFEF904}
		{9000C81C-B3B8-4105-B894-F5AA2EE53650} = {ED137A50-B5AC-4058-94B0-9459CFFEF904}
		{4204DF18-132C-4300-834A-9E9D0968ECF8} = {ED137A50-B5AC-4058-94B0-9459CFFEF904}
		{D50CA450-0D5A-4862-846E-47E4C5B20EB1} = {ED137A50-B5AC-4058-94B0-9459CFFEF904}
		{158244C3-8138-49D7-991A-B3C768ED10F8} = {ED137A50-B5AC-4058-94B0-9459CFFEF904}
		{3CD8A8FB-401C-4D81-A6E2-02AFC9AF500E} = {ED137A50-B5AC-4058-94B0-9459CFFEF904}
	EndGlobalSection
	GlobalSection(ExtensibilityGlobals) = postSolution
		SolutionGuid = {4CEC4868-9834-4AC6-996E-D31F9BF97259}
	EndGlobalSection
EndGlobal
